
Microsoft Visual Studio Solution File, Format Version 12.00
# Visual Studio Version 16
VisualStudioVersion = 16.0.29911.98
MinimumVisualStudioVersion = 10.0.40219.1
Project("{9A19103F-16F7-4668-BE54-9A1E7A4F7556}") = "GuidDotEmpty", "GuidDotEmpty\GuidDotEmpty.csproj", "{75F1A16D-B842-44D9-8BFC-973619E13573}"
EndProject
Project("{2150E333-8FDC-42A3-9474-1A3956D46DE8}") = "Solution Items", "Solution Items", "{7DF3EC92-A225-4E95-9F23-6B90AE603346}"
	ProjectSection(SolutionItems) = preProject
		.editorconfig = .editorconfig
		global.json = global.json
	EndProjectSection
EndProject
Global
	GlobalSection(SolutionConfigurationPlatforms) = preSolution
		Debug|Any CPU = Debug|Any CPU
		Release|Any CPU = Release|Any CPU
	EndGlobalSection
	GlobalSection(ProjectConfigurationPlatforms) = postSolution
		{75F1A16D-B842-44D9-8BFC-973619E13573}.Debug|Any CPU.ActiveCfg = Debug|Any CPU
		{75F1A16D-B842-44D9-8BFC-973619E13573}.Debug|Any CPU.Build.0 = Debug|Any CPU
		{75F1A16D-B842-44D9-8BFC-973619E13573}.Release|Any CPU.ActiveCfg = Release|Any CPU
		{75F1A16D-B842-44D9-8BFC-973619E13573}.Release|Any CPU.Build.0 = Release|Any CPU
	EndGlobalSection
	GlobalSection(SolutionProperties) = preSolution
		HideSolutionNode = FALSE
	EndGlobalSection
	GlobalSection(ExtensibilityGlobals) = postSolution
		SolutionGuid = {BC5E6824-4DDF-45E1-90FB-80400647D220}
	EndGlobalSection
EndGlobal
